
Microsoft Visual Studio Solution File, Format Version 12.00
# Visual Studio 15
VisualStudioVersion = 15.0.27703.2000
MinimumVisualStudioVersion = 10.0.40219.1
Project("{8BC9CEB8-8B4A-11D0-8D11-00A0C91BC942}") = "WindowMultiThreadServ", "WindowMultiThreadServ\WindowMultiThreadServ.vcxproj", "{D0E952B3-942A-4B3A-982B-DA53BA1A96C0}"
EndProject
Project("{8BC9CEB8-8B4A-11D0-8D11-00A0C91BC942}") = "WindowClnt", "WindowClnt\WindowClnt.vcxproj", "{ED796E2D-19DB-4D4B-A50C-D50F6E62F5E9}"
EndProject
Global
	GlobalSection(SolutionConfigurationPlatforms) = preSolution
		Debug|x64 = Debug|x64
		Debug|x86 = Debug|x86
		Release|x64 = Release|x64
		Release|x86 = Release|x86
	EndGlobalSection
	GlobalSection(ProjectConfigurationPlatforms) = postSolution
		{D0E952B3-942A-4B3A-982B-DA53BA1A96C0}.Debug|x64.ActiveCfg = Debug|x64
		{D0E952B3-942A-4B3A-982B-DA53BA1A96C0}.Debug|x64.Build.0 = Debug|x64
		{D0E952B3-942A-4B3A-982B-DA53BA1A96C0}.Debug|x86.ActiveCfg = Debug|Win32
		{D0E952B3-942A-4B3A-982B-DA53BA1A96C0}.Debug|x86.Build.0 = Debug|Win32
		{D0E952B3-942A-4B3A-982B-DA53BA1A96C0}.Release|x64.ActiveCfg = Release|x64
		{D0E952B3-942A-4B3A-982B-DA53BA1A96C0}.Release|x64.Build.0 = Release|x64
		{D0E952B3-942A-4B3A-982B-DA53BA1A96C0}.Release|x86.ActiveCfg = Release|Win32
		{D0E952B3-942A-4B3A-982B-DA53BA1A96C0}.Release|x86.Build.0 = Release|Win32
		{ED796E2D-19DB-4D4B-A50C-D50F6E62F5E9}.Debug|x64.ActiveCfg = Debug|x64
		{ED796E2D-19DB-4D4B-A50C-D50F6E62F5E9}.Debug|x64.Build.0 = Debug|x64
		{ED796E2D-19DB-4D4B-A50C-D50F6E62F5E9}.Debug|x86.ActiveCfg = Debug|Win32
		{ED796E2D-19DB-4D4B-A50C-D50F6E62F5E9}.Debug|x86.Build.0 = Debug|Win32
		{ED796E2D-19DB-4D4B-A50C-D50F6E62F5E9}.Release|x64.ActiveCfg = Release|x64
		{ED796E2D-19DB-4D4B-A50C-D50F6E62F5E9}.Release|x64.Build.0 = Release|x64
		{ED796E2D-19DB-4D4B-A50C-D50F6E62F5E9}.Release|x86.ActiveCfg = Release|Win32
		{ED796E2D-19DB-4D4B-A50C-D50F6E62F5E9}.Release|x86.Build.0 = Release|Win32
	EndGlobalSection
	GlobalSection(SolutionProperties) = preSolution
		HideSolutionNode = FALSE
	EndGlobalSection
	GlobalSection(ExtensibilityGlobals) = postSolution
		SolutionGuid = {54662B67-7FA9-4391-BE10-D828D473758E}
	EndGlobalSection
EndGlobal
